// !$*UTF8*$!
{
	archiveVersion = 1;
	classes = {
	};
	objectVersion = 48;
	objects = {

/* Begin PBXBuildFile section */
		2ED1A88E2510FE8F0042AB2D /* AppDelegate.swift in Sources */ = {isa = PBXBuildFile; fileRef = 2ED1A88D2510FE8F0042AB2D /* AppDelegate.swift */; };
		2ED1A8942510FE920042AB2D /* Assets.xcassets in Resources */ = {isa = PBXBuildFile; fileRef = 2ED1A8932510FE920042AB2D /* Assets.xcassets */; };
		2ED1A8972510FE920042AB2D /* Preview Assets.xcassets in Resources */ = {isa = PBXBuildFile; fileRef = 2ED1A8962510FE920042AB2D /* Preview Assets.xcassets */; };
		2ED1A89A2510FE920042AB2D /* LaunchScreen.storyboard in Resources */ = {isa = PBXBuildFile; fileRef = 2ED1A8982510FE920042AB2D /* LaunchScreen.storyboard */; };
		2ED1A8A52510FE920042AB2D /* The_MovieTests.swift in Sources */ = {isa = PBXBuildFile; fileRef = 2ED1A8A42510FE920042AB2D /* The_MovieTests.swift */; };
		2EFD44CE251143060037E4FD /* MovieDetailCollectionViewController.swift in Sources */ = {isa = PBXBuildFile; fileRef = 2EFD44CD251143060037E4FD /* MovieDetailCollectionViewController.swift */; };
		2EFD44D0251147B40037E4FD /* HeaderCollectionReusableView.swift in Sources */ = {isa = PBXBuildFile; fileRef = 2EFD44CF251147B40037E4FD /* HeaderCollectionReusableView.swift */; };
		2EFD44D22511521E0037E4FD /* SimilarMovieCollectionReusableView.swift in Sources */ = {isa = PBXBuildFile; fileRef = 2EFD44D12511521E0037E4FD /* SimilarMovieCollectionReusableView.swift */; };
		2EFD44D5251155400037E4FD /* ViewCodeProtocol.swift in Sources */ = {isa = PBXBuildFile; fileRef = 2EFD44D4251155400037E4FD /* ViewCodeProtocol.swift */; };
/* End PBXBuildFile section */

/* Begin PBXContainerItemProxy section */
		2ED1A8A12510FE920042AB2D /* PBXContainerItemProxy */ = {
			isa = PBXContainerItemProxy;
			containerPortal = 2ED1A8822510FE8F0042AB2D /* Project object */;
			proxyType = 1;
			remoteGlobalIDString = 2ED1A8892510FE8F0042AB2D;
			remoteInfo = "The Movie";
		};
/* End PBXContainerItemProxy section */

/* Begin PBXFileReference section */
		2ED1A88A2510FE8F0042AB2D /* The Movie.app */ = {isa = PBXFileReference; explicitFileType = wrapper.application; includeInIndex = 0; path = "The Movie.app"; sourceTree = BUILT_PRODUCTS_DIR; };
		2ED1A88D2510FE8F0042AB2D /* AppDelegate.swift */ = {isa = PBXFileReference; lastKnownFileType = sourcecode.swift; path = AppDelegate.swift; sourceTree = "<group>"; };
		2ED1A8932510FE920042AB2D /* Assets.xcassets */ = {isa = PBXFileReference; lastKnownFileType = folder.assetcatalog; path = Assets.xcassets; sourceTree = "<group>"; };
		2ED1A8962510FE920042AB2D /* Preview Assets.xcassets */ = {isa = PBXFileReference; lastKnownFileType = folder.assetcatalog; path = "Preview Assets.xcassets"; sourceTree = "<group>"; };
		2ED1A8992510FE920042AB2D /* Base */ = {isa = PBXFileReference; lastKnownFileType = file.storyboard; name = Base; path = Base.lproj/LaunchScreen.storyboard; sourceTree = "<group>"; };
		2ED1A89B2510FE920042AB2D /* Info.plist */ = {isa = PBXFileReference; lastKnownFileType = text.plist.xml; path = Info.plist; sourceTree = "<group>"; };
		2ED1A8A02510FE920042AB2D /* The MovieTests.xctest */ = {isa = PBXFileReference; explicitFileType = wrapper.cfbundle; includeInIndex = 0; path = "The MovieTests.xctest"; sourceTree = BUILT_PRODUCTS_DIR; };
		2ED1A8A42510FE920042AB2D /* The_MovieTests.swift */ = {isa = PBXFileReference; lastKnownFileType = sourcecode.swift; path = The_MovieTests.swift; sourceTree = "<group>"; };
		2ED1A8A62510FE920042AB2D /* Info.plist */ = {isa = PBXFileReference; lastKnownFileType = text.plist.xml; path = Info.plist; sourceTree = "<group>"; };
		2EFD44CD251143060037E4FD /* MovieDetailCollectionViewController.swift */ = {isa = PBXFileReference; lastKnownFileType = sourcecode.swift; path = MovieDetailCollectionViewController.swift; sourceTree = "<group>"; };
		2EFD44CF251147B40037E4FD /* HeaderCollectionReusableView.swift */ = {isa = PBXFileReference; lastKnownFileType = sourcecode.swift; path = HeaderCollectionReusableView.swift; sourceTree = "<group>"; };
		2EFD44D12511521E0037E4FD /* SimilarMovieCollectionReusableView.swift */ = {isa = PBXFileReference; lastKnownFileType = sourcecode.swift; path = SimilarMovieCollectionReusableView.swift; sourceTree = "<group>"; };
		2EFD44D4251155400037E4FD /* ViewCodeProtocol.swift */ = {isa = PBXFileReference; lastKnownFileType = sourcecode.swift; path = ViewCodeProtocol.swift; sourceTree = "<group>"; };
/* End PBXFileReference section */

/* Begin PBXFrameworksBuildPhase section */
		2ED1A8872510FE8F0042AB2D /* Frameworks */ = {
			isa = PBXFrameworksBuildPhase;
			buildActionMask = 2147483647;
			files = (
			);
			runOnlyForDeploymentPostprocessing = 0;
		};
		2ED1A89D2510FE920042AB2D /* Frameworks */ = {
			isa = PBXFrameworksBuildPhase;
			buildActionMask = 2147483647;
			files = (
			);
			runOnlyForDeploymentPostprocessing = 0;
		};
/* End PBXFrameworksBuildPhase section */

/* Begin PBXGroup section */
		2ED1A8812510FE8F0042AB2D = {
			isa = PBXGroup;
			children = (
				2ED1A88C2510FE8F0042AB2D /* The Movie */,
				2ED1A8A32510FE920042AB2D /* The MovieTests */,
				2ED1A88B2510FE8F0042AB2D /* Products */,
			);
			sourceTree = "<group>";
		};
		2ED1A88B2510FE8F0042AB2D /* Products */ = {
			isa = PBXGroup;
			children = (
				2ED1A88A2510FE8F0042AB2D /* The Movie.app */,
				2ED1A8A02510FE920042AB2D /* The MovieTests.xctest */,
			);
			name = Products;
			sourceTree = "<group>";
		};
		2ED1A88C2510FE8F0042AB2D /* The Movie */ = {
			isa = PBXGroup;
			children = (
				2EFD44C125110FEC0037E4FD /* Main */,
				2EFD44C3251110680037E4FD /* Feature */,
				2EFD44C9251114640037E4FD /* Shared */,
				2ED1A8932510FE920042AB2D /* Assets.xcassets */,
				2ED1A8982510FE920042AB2D /* LaunchScreen.storyboard */,
				2ED1A89B2510FE920042AB2D /* Info.plist */,
				2ED1A8952510FE920042AB2D /* Preview Content */,
			);
			path = "The Movie";
			sourceTree = "<group>";
		};
		2ED1A8952510FE920042AB2D /* Preview Content */ = {
			isa = PBXGroup;
			children = (
				2ED1A8962510FE920042AB2D /* Preview Assets.xcassets */,
			);
			path = "Preview Content";
			sourceTree = "<group>";
		};
		2ED1A8A32510FE920042AB2D /* The MovieTests */ = {
			isa = PBXGroup;
			children = (
				2ED1A8A42510FE920042AB2D /* The_MovieTests.swift */,
				2ED1A8A62510FE920042AB2D /* Info.plist */,
			);
			path = "The MovieTests";
			sourceTree = "<group>";
		};
		2EFD44C125110FEC0037E4FD /* Main */ = {
			isa = PBXGroup;
			children = (
				2EFD44C2251110160037E4FD /* Model */,
			);
			path = Main;
			sourceTree = "<group>";
		};
		2EFD44C2251110160037E4FD /* Model */ = {
			isa = PBXGroup;
			children = (
				2ED1A88D2510FE8F0042AB2D /* AppDelegate.swift */,
			);
			path = Model;
			sourceTree = "<group>";
		};
		2EFD44C3251110680037E4FD /* Feature */ = {
			isa = PBXGroup;
			children = (
				2EFD44C42511107C0037E4FD /* MovieDetail */,
			);
			path = Feature;
			sourceTree = "<group>";
		};
		2EFD44C42511107C0037E4FD /* MovieDetail */ = {
			isa = PBXGroup;
			children = (
				2EFD44C62511109A0037E4FD /* View */,
				2EFD44C52511108B0037E4FD /* ViewModel */,
			);
			path = MovieDetail;
			sourceTree = "<group>";
		};
		2EFD44C52511108B0037E4FD /* ViewModel */ = {
			isa = PBXGroup;
			children = (
			);
			path = ViewModel;
			sourceTree = "<group>";
		};
		2EFD44C62511109A0037E4FD /* View */ = {
			isa = PBXGroup;
			children = (
				2EFD44CD251143060037E4FD /* MovieDetailCollectionViewController.swift */,
				2EFD44CF251147B40037E4FD /* HeaderCollectionReusableView.swift */,
				2EFD44D12511521E0037E4FD /* SimilarMovieCollectionReusableView.swift */,
			);
			path = View;
			sourceTree = "<group>";
		};
		2EFD44C9251114640037E4FD /* Shared */ = {
			isa = PBXGroup;
			children = (
				2EFD44D32511550B0037E4FD /* Protocol */,
				2EFD44CA251114760037E4FD /* Model */,
			);
			path = Shared;
			sourceTree = "<group>";
		};
		2EFD44CA251114760037E4FD /* Model */ = {
			isa = PBXGroup;
			children = (
			);
			path = Model;
			sourceTree = "<group>";
		};
		2EFD44D32511550B0037E4FD /* Protocol */ = {
			isa = PBXGroup;
			children = (
				2EFD44D4251155400037E4FD /* ViewCodeProtocol.swift */,
			);
			path = Protocol;
			sourceTree = "<group>";
		};
/* End PBXGroup section */

/* Begin PBXNativeTarget section */
		2ED1A8892510FE8F0042AB2D /* The Movie */ = {
			isa = PBXNativeTarget;
			buildConfigurationList = 2ED1A8A92510FE920042AB2D /* Build configuration list for PBXNativeTarget "The Movie" */;
			buildPhases = (
				2ED1A8862510FE8F0042AB2D /* Sources */,
				2ED1A8872510FE8F0042AB2D /* Frameworks */,
				2ED1A8882510FE8F0042AB2D /* Resources */,
			);
			buildRules = (
			);
			dependencies = (
			);
			name = "The Movie";
			productName = "The Movie";
			productReference = 2ED1A88A2510FE8F0042AB2D /* The Movie.app */;
			productType = "com.apple.product-type.application";
		};
		2ED1A89F2510FE920042AB2D /* The MovieTests */ = {
			isa = PBXNativeTarget;
			buildConfigurationList = 2ED1A8AC2510FE920042AB2D /* Build configuration list for PBXNativeTarget "The MovieTests" */;
			buildPhases = (
				2ED1A89C2510FE920042AB2D /* Sources */,
				2ED1A89D2510FE920042AB2D /* Frameworks */,
				2ED1A89E2510FE920042AB2D /* Resources */,
			);
			buildRules = (
			);
			dependencies = (
				2ED1A8A22510FE920042AB2D /* PBXTargetDependency */,
			);
			name = "The MovieTests";
			productName = "The MovieTests";
			productReference = 2ED1A8A02510FE920042AB2D /* The MovieTests.xctest */;
			productType = "com.apple.product-type.bundle.unit-test";
		};
/* End PBXNativeTarget section */

/* Begin PBXProject section */
		2ED1A8822510FE8F0042AB2D /* Project object */ = {
			isa = PBXProject;
			attributes = {
				LastSwiftUpdateCheck = 1130;
				LastUpgradeCheck = 1130;
				ORGANIZATIONNAME = Mhonorio92;
				TargetAttributes = {
					2ED1A8892510FE8F0042AB2D = {
						CreatedOnToolsVersion = 11.3;
						ProvisioningStyle = Automatic;
					};
					2ED1A89F2510FE920042AB2D = {
						CreatedOnToolsVersion = 11.3;
						ProvisioningStyle = Automatic;
						TestTargetID = 2ED1A8892510FE8F0042AB2D;
					};
				};
			};
			buildConfigurationList = 2ED1A8852510FE8F0042AB2D /* Build configuration list for PBXProject "The Movie" */;
			compatibilityVersion = "Xcode 8.0";
			developmentRegion = en;
			hasScannedForEncodings = 0;
			knownRegions = (
				en,
				Base,
			);
			mainGroup = 2ED1A8812510FE8F0042AB2D;
			productRefGroup = 2ED1A88B2510FE8F0042AB2D /* Products */;
			projectDirPath = "";
			projectRoot = "";
			targets = (
				2ED1A8892510FE8F0042AB2D /* The Movie */,
				2ED1A89F2510FE920042AB2D /* The MovieTests */,
			);
		};
/* End PBXProject section */

/* Begin PBXResourcesBuildPhase section */
		2ED1A8882510FE8F0042AB2D /* Resources */ = {
			isa = PBXResourcesBuildPhase;
			buildActionMask = 2147483647;
			files = (
				2ED1A89A2510FE920042AB2D /* LaunchScreen.storyboard in Resources */,
				2ED1A8972510FE920042AB2D /* Preview Assets.xcassets in Resources */,
				2ED1A8942510FE920042AB2D /* Assets.xcassets in Resources */,
			);
			runOnlyForDeploymentPostprocessing = 0;
		};
		2ED1A89E2510FE920042AB2D /* Resources */ = {
			isa = PBXResourcesBuildPhase;
			buildActionMask = 2147483647;
			files = (
			);
			runOnlyForDeploymentPostprocessing = 0;
		};
/* End PBXResourcesBuildPhase section */

/* Begin PBXSourcesBuildPhase section */
		2ED1A8862510FE8F0042AB2D /* Sources */ = {
			isa = PBXSourcesBuildPhase;
			buildActionMask = 2147483647;
			files = (
				2ED1A88E2510FE8F0042AB2D /* AppDelegate.swift in Sources */,
				2EFD44CE251143060037E4FD /* MovieDetailCollectionViewController.swift in Sources */,
				2EFD44D5251155400037E4FD /* ViewCodeProtocol.swift in Sources */,
				2EFD44D22511521E0037E4FD /* SimilarMovieCollectionReusableView.swift in Sources */,
				2EFD44D0251147B40037E4FD /* HeaderCollectionReusableView.swift in Sources */,
			);
			runOnlyForDeploymentPostprocessing = 0;
		};
		2ED1A89C2510FE920042AB2D /* Sources */ = {
			isa = PBXSourcesBuildPhase;
			buildActionMask = 2147483647;
			files = (
				2ED1A8A52510FE920042AB2D /* The_MovieTests.swift in Sources */,
			);
			runOnlyForDeploymentPostprocessing = 0;
		};
/* End PBXSourcesBuildPhase section */

/* Begin PBXTargetDependency section */
		2ED1A8A22510FE920042AB2D /* PBXTargetDependency */ = {
			isa = PBXTargetDependency;
			target = 2ED1A8892510FE8F0042AB2D /* The Movie */;
			targetProxy = 2ED1A8A12510FE920042AB2D /* PBXContainerItemProxy */;
		};
/* End PBXTargetDependency section */

/* Begin PBXVariantGroup section */
		2ED1A8982510FE920042AB2D /* LaunchScreen.storyboard */ = {
			isa = PBXVariantGroup;
			children = (
				2ED1A8992510FE920042AB2D /* Base */,
			);
			name = LaunchScreen.storyboard;
			sourceTree = "<group>";
		};
/* End PBXVariantGroup section */

/* Begin XCBuildConfiguration section */
		2ED1A8A72510FE920042AB2D /* Debug */ = {
			isa = XCBuildConfiguration;
			buildSettings = {
				ALWAYS_SEARCH_USER_PATHS = NO;
				CLANG_ANALYZER_NONNULL = YES;
				CLANG_ANALYZER_NUMBER_OBJECT_CONVERSION = YES_AGGRESSIVE;
				CLANG_CXX_LANGUAGE_STANDARD = "gnu++14";
				CLANG_CXX_LIBRARY = "libc++";
				CLANG_ENABLE_MODULES = YES;
				CLANG_ENABLE_OBJC_ARC = YES;
				CLANG_ENABLE_OBJC_WEAK = YES;
				CLANG_WARN_BLOCK_CAPTURE_AUTORELEASING = YES;
				CLANG_WARN_BOOL_CONVERSION = YES;
				CLANG_WARN_COMMA = YES;
				CLANG_WARN_CONSTANT_CONVERSION = YES;
				CLANG_WARN_DEPRECATED_OBJC_IMPLEMENTATIONS = YES;
				CLANG_WARN_DIRECT_OBJC_ISA_USAGE = YES_ERROR;
				CLANG_WARN_DOCUMENTATION_COMMENTS = YES;
				CLANG_WARN_EMPTY_BODY = YES;
				CLANG_WARN_ENUM_CONVERSION = YES;
				CLANG_WARN_INFINITE_RECURSION = YES;
				CLANG_WARN_INT_CONVERSION = YES;
				CLANG_WARN_NON_LITERAL_NULL_CONVERSION = YES;
				CLANG_WARN_OBJC_IMPLICIT_RETAIN_SELF = YES;
				CLANG_WARN_OBJC_LITERAL_CONVERSION = YES;
				CLANG_WARN_OBJC_ROOT_CLASS = YES_ERROR;
				CLANG_WARN_RANGE_LOOP_ANALYSIS = YES;
				CLANG_WARN_STRICT_PROTOTYPES = YES;
				CLANG_WARN_SUSPICIOUS_MOVE = YES;
				CLANG_WARN_UNGUARDED_AVAILABILITY = YES_AGGRESSIVE;
				CLANG_WARN_UNREACHABLE_CODE = YES;
				CLANG_WARN__DUPLICATE_METHOD_MATCH = YES;
				COPY_PHASE_STRIP = NO;
				DEBUG_INFORMATION_FORMAT = dwarf;
				ENABLE_STRICT_OBJC_MSGSEND = YES;
				ENABLE_TESTABILITY = YES;
				GCC_C_LANGUAGE_STANDARD = gnu11;
				GCC_DYNAMIC_NO_PIC = NO;
				GCC_NO_COMMON_BLOCKS = YES;
				GCC_OPTIMIZATION_LEVEL = 0;
				GCC_PREPROCESSOR_DEFINITIONS = (
					"DEBUG=1",
					"$(inherited)",
				);
				GCC_WARN_64_TO_32_BIT_CONVERSION = YES;
				GCC_WARN_ABOUT_RETURN_TYPE = YES_ERROR;
				GCC_WARN_UNDECLARED_SELECTOR = YES;
				GCC_WARN_UNINITIALIZED_AUTOS = YES_AGGRESSIVE;
				GCC_WARN_UNUSED_FUNCTION = YES;
				GCC_WARN_UNUSED_VARIABLE = YES;
				IPHONEOS_DEPLOYMENT_TARGET = 13.2;
				MTL_ENABLE_DEBUG_INFO = INCLUDE_SOURCE;
				MTL_FAST_MATH = YES;
				ONLY_ACTIVE_ARCH = YES;
				SDKROOT = iphoneos;
				SWIFT_ACTIVE_COMPILATION_CONDITIONS = DEBUG;
				SWIFT_OPTIMIZATION_LEVEL = "-Onone";
			};
			name = Debug;
		};
		2ED1A8A82510FE920042AB2D /* Release */ = {
			isa = XCBuildConfiguration;
			buildSettings = {
				ALWAYS_SEARCH_USER_PATHS = NO;
				CLANG_ANALYZER_NONNULL = YES;
				CLANG_ANALYZER_NUMBER_OBJECT_CONVERSION = YES_AGGRESSIVE;
				CLANG_CXX_LANGUAGE_STANDARD = "gnu++14";
				CLANG_CXX_LIBRARY = "libc++";
				CLANG_ENABLE_MODULES = YES;
				CLANG_ENABLE_OBJC_ARC = YES;
				CLANG_ENABLE_OBJC_WEAK = YES;
				CLANG_WARN_BLOCK_CAPTURE_AUTORELEASING = YES;
				CLANG_WARN_BOOL_CONVERSION = YES;
				CLANG_WARN_COMMA = YES;
				CLANG_WARN_CONSTANT_CONVERSION = YES;
				CLANG_WARN_DEPRECATED_OBJC_IMPLEMENTATIONS = YES;
				CLANG_WARN_DIRECT_OBJC_ISA_USAGE = YES_ERROR;
				CLANG_WARN_DOCUMENTATION_COMMENTS = YES;
				CLANG_WARN_EMPTY_BODY = YES;
				CLANG_WARN_ENUM_CONVERSION = YES;
				CLANG_WARN_INFINITE_RECURSION = YES;
				CLANG_WARN_INT_CONVERSION = YES;
				CLANG_WARN_NON_LITERAL_NULL_CONVERSION = YES;
				CLANG_WARN_OBJC_IMPLICIT_RETAIN_SELF = YES;
				CLANG_WARN_OBJC_LITERAL_CONVERSION = YES;
				CLANG_WARN_OBJC_ROOT_CLASS = YES_ERROR;
				CLANG_WARN_RANGE_LOOP_ANALYSIS = YES;
				CLANG_WARN_STRICT_PROTOTYPES = YES;
				CLANG_WARN_SUSPICIOUS_MOVE = YES;
				CLANG_WARN_UNGUARDED_AVAILABILITY = YES_AGGRESSIVE;
				CLANG_WARN_UNREACHABLE_CODE = YES;
				CLANG_WARN__DUPLICATE_METHOD_MATCH = YES;
				COPY_PHASE_STRIP = NO;
				DEBUG_INFORMATION_FORMAT = "dwarf-with-dsym";
				ENABLE_NS_ASSERTIONS = NO;
				ENABLE_STRICT_OBJC_MSGSEND = YES;
				GCC_C_LANGUAGE_STANDARD = gnu11;
				GCC_NO_COMMON_BLOCKS = YES;
				GCC_WARN_64_TO_32_BIT_CONVERSION = YES;
				GCC_WARN_ABOUT_RETURN_TYPE = YES_ERROR;
				GCC_WARN_UNDECLARED_SELECTOR = YES;
				GCC_WARN_UNINITIALIZED_AUTOS = YES_AGGRESSIVE;
				GCC_WARN_UNUSED_FUNCTION = YES;
				GCC_WARN_UNUSED_VARIABLE = YES;
				IPHONEOS_DEPLOYMENT_TARGET = 13.2;
				MTL_ENABLE_DEBUG_INFO = NO;
				MTL_FAST_MATH = YES;
				SDKROOT = iphoneos;
				SWIFT_OPTIMIZATION_LEVEL = "-Owholemodule";
				VALIDATE_PRODUCT = YES;
			};
			name = Release;
		};
		2ED1A8AA2510FE920042AB2D /* Debug */ = {
			isa = XCBuildConfiguration;
			buildSettings = {
				ASSETCATALOG_COMPILER_APPICON_NAME = AppIcon;
				CODE_SIGN_STYLE = Automatic;
				DEVELOPMENT_ASSET_PATHS = "\"The Movie/Preview Content\"";
				ENABLE_PREVIEWS = YES;
				INFOPLIST_FILE = "The Movie/Info.plist";
				IPHONEOS_DEPLOYMENT_TARGET = 11.0;
				LD_RUNPATH_SEARCH_PATHS = "$(inherited) @executable_path/Frameworks";
				PRODUCT_BUNDLE_IDENTIFIER = "com.mhonorio92.The-Movie";
				PRODUCT_NAME = "$(TARGET_NAME)";
				SWIFT_VERSION = 5.0;
				TARGETED_DEVICE_FAMILY = 1;
			};
			name = Debug;
		};
		2ED1A8AB2510FE920042AB2D /* Release */ = {
			isa = XCBuildConfiguration;
			buildSettings = {
				ASSETCATALOG_COMPILER_APPICON_NAME = AppIcon;
				CODE_SIGN_STYLE = Automatic;
				DEVELOPMENT_ASSET_PATHS = "\"The Movie/Preview Content\"";
				ENABLE_PREVIEWS = YES;
				INFOPLIST_FILE = "The Movie/Info.plist";
				IPHONEOS_DEPLOYMENT_TARGET = 11.0;
				LD_RUNPATH_SEARCH_PATHS = "$(inherited) @executable_path/Frameworks";
				PRODUCT_BUNDLE_IDENTIFIER = "com.mhonorio92.The-Movie";
				PRODUCT_NAME = "$(TARGET_NAME)";
				SWIFT_VERSION = 5.0;
				TARGETED_DEVICE_FAMILY = 1;
			};
			name = Release;
		};
		2ED1A8AD2510FE920042AB2D /* Debug */ = {
			isa = XCBuildConfiguration;
			buildSettings = {
				ALWAYS_EMBED_SWIFT_STANDARD_LIBRARIES = YES;
				BUNDLE_LOADER = "$(TEST_HOST)";
				CODE_SIGN_STYLE = Automatic;
				INFOPLIST_FILE = "The MovieTests/Info.plist";
				IPHONEOS_DEPLOYMENT_TARGET = 13.2;
				LD_RUNPATH_SEARCH_PATHS = "$(inherited) @executable_path/Frameworks @loader_path/Frameworks";
				PRODUCT_BUNDLE_IDENTIFIER = "com.mhonorio92.The-MovieTests";
				PRODUCT_NAME = "$(TARGET_NAME)";
				SWIFT_VERSION = 5.0;
				TARGETED_DEVICE_FAMILY = "1,2";
				TEST_HOST = "$(BUILT_PRODUCTS_DIR)/The Movie.app/The Movie";
			};
			name = Debug;
		};
		2ED1A8AE2510FE920042AB2D /* Release */ = {
			isa = XCBuildConfiguration;
			buildSettings = {
				ALWAYS_EMBED_SWIFT_STANDARD_LIBRARIES = YES;
				BUNDLE_LOADER = "$(TEST_HOST)";
				CODE_SIGN_STYLE = Automatic;
				INFOPLIST_FILE = "The MovieTests/Info.plist";
				IPHONEOS_DEPLOYMENT_TARGET = 13.2;
				LD_RUNPATH_SEARCH_PATHS = "$(inherited) @executable_path/Frameworks @loader_path/Frameworks";
				PRODUCT_BUNDLE_IDENTIFIER = "com.mhonorio92.The-MovieTests";
				PRODUCT_NAME = "$(TARGET_NAME)";
				SWIFT_VERSION = 5.0;
				TARGETED_DEVICE_FAMILY = "1,2";
				TEST_HOST = "$(BUILT_PRODUCTS_DIR)/The Movie.app/The Movie";
			};
			name = Release;
		};
/* End XCBuildConfiguration section */

/* Begin XCConfigurationList section */
		2ED1A8852510FE8F0042AB2D /* Build configuration list for PBXProject "The Movie" */ = {
			isa = XCConfigurationList;
			buildConfigurations = (
				2ED1A8A72510FE920042AB2D /* Debug */,
				2ED1A8A82510FE920042AB2D /* Release */,
			);
			defaultConfigurationIsVisible = 0;
			defaultConfigurationName = Release;
		};
		2ED1A8A92510FE920042AB2D /* Build configuration list for PBXNativeTarget "The Movie" */ = {
			isa = XCConfigurationList;
			buildConfigurations = (
				2ED1A8AA2510FE920042AB2D /* Debug */,
				2ED1A8AB2510FE920042AB2D /* Release */,
			);
			defaultConfigurationIsVisible = 0;
			defaultConfigurationName = Release;
		};
		2ED1A8AC2510FE920042AB2D /* Build configuration list for PBXNativeTarget "The MovieTests" */ = {
			isa = XCConfigurationList;
			buildConfigurations = (
				2ED1A8AD2510FE920042AB2D /* Debug */,
				2ED1A8AE2510FE920042AB2D /* Release */,
			);
			defaultConfigurationIsVisible = 0;
			defaultConfigurationName = Release;
		};
/* End XCConfigurationList section */
	};
	rootObject = 2ED1A8822510FE8F0042AB2D /* Project object */;
}
